
Microsoft Visual Studio Solution File, Format Version 12.00
# Visual Studio 15
VisualStudioVersion = 15.0.27130.2026
MinimumVisualStudioVersion = 10.0.40219.1
Project("{9A19103F-16F7-4668-BE54-9A1E7A4F7556}") = "HardwareProviders.CPU.Standard", "HardwareProviders.CPU.Standard\HardwareProviders.CPU.Standard.csproj", "{AE722956-43D1-4C2C-BFB1-645E575BF412}"
EndProject
Project("{9A19103F-16F7-4668-BE54-9A1E7A4F7556}") = "HardwareProviders.Standard", "HardwareProviders.Standard\HardwareProviders.Standard.csproj", "{35D872CB-FAA7-48BE-BDE9-0E8B1095B2C0}"
EndProject
Project("{9A19103F-16F7-4668-BE54-9A1E7A4F7556}") = "TestApp.Standard", "TestApp.Standard\TestApp.Standard.csproj", "{1A191487-7831-4719-8C9E-48F95AE2A10F}"
EndProject
Global
	GlobalSection(SolutionConfigurationPlatforms) = preSolution
		Debug|Any CPU = Debug|Any CPU
		Release|Any CPU = Release|Any CPU
	EndGlobalSection
	GlobalSection(ProjectConfigurationPlatforms) = postSolution
		{AE722956-43D1-4C2C-BFB1-645E575BF412}.Debug|Any CPU.ActiveCfg = Debug|Any CPU
		{AE722956-43D1-4C2C-BFB1-645E575BF412}.Debug|Any CPU.Build.0 = Debug|Any CPU
		{AE722956-43D1-4C2C-BFB1-645E575BF412}.Release|Any CPU.ActiveCfg = Release|Any CPU
		{AE722956-43D1-4C2C-BFB1-645E575BF412}.Release|Any CPU.Build.0 = Release|Any CPU
		{35D872CB-FAA7-48BE-BDE9-0E8B1095B2C0}.Debug|Any CPU.ActiveCfg = Debug|Any CPU
		{35D872CB-FAA7-48BE-BDE9-0E8B1095B2C0}.Debug|Any CPU.Build.0 = Debug|Any CPU
		{35D872CB-FAA7-48BE-BDE9-0E8B1095B2C0}.Release|Any CPU.ActiveCfg = Release|Any CPU
		{35D872CB-FAA7-48BE-BDE9-0E8B1095B2C0}.Release|Any CPU.Build.0 = Release|Any CPU
		{1A191487-7831-4719-8C9E-48F95AE2A10F}.Debug|Any CPU.ActiveCfg = Debug|Any CPU
		{1A191487-7831-4719-8C9E-48F95AE2A10F}.Debug|Any CPU.Build.0 = Debug|Any CPU
		{1A191487-7831-4719-8C9E-48F95AE2A10F}.Release|Any CPU.ActiveCfg = Release|Any CPU
		{1A191487-7831-4719-8C9E-48F95AE2A10F}.Release|Any CPU.Build.0 = Release|Any CPU
	EndGlobalSection
	GlobalSection(SolutionProperties) = preSolution
		HideSolutionNode = FALSE
	EndGlobalSection
	GlobalSection(ExtensibilityGlobals) = postSolution
		SolutionGuid = {6A8EF661-2BD7-498F-8FB9-28182B3B0BE5}
	EndGlobalSection
	GlobalSection(MonoDevelopProperties) = preSolution
		StartupItem = OpenHardwareMonitor.csproj
		Policies = $0
		$0.DotNetNamingPolicy = $1
		$1.DirectoryNamespaceAssociation = None
		$1.ResourceNamePolicy = FileFormatDefault
		$0.TextStylePolicy = $3
		$2.FileWidth = 120
		$2.TabWidth = 2
		$2.NoTabsAfterNonTabs = True
		$2.inheritsSet = VisualStudio
		$2.inheritsScope = text/plain
		$2.scope = text/plain
		$3.inheritsSet = null
		$3.scope = text/x-csharp
		$0.CSharpFormattingPolicy = $4
		$4.inheritsSet = Mono
		$4.inheritsScope = text/x-csharp
		$4.scope = text/x-csharp
	EndGlobalSection
EndGlobal
