
Microsoft Visual Studio Solution File, Format Version 12.00
# Visual Studio 15
VisualStudioVersion = 15.0.27703.2042
MinimumVisualStudioVersion = 10.0.40219.1
Project("{FAE04EC0-301F-11D3-BF4B-00C04F79EFBC}") = "HardwareProviders", "HardwareProviders\HardwareProviders.csproj", "{6CF39D75-A7D7-4546-B29A-888294DC3E38}"
EndProject
Project("{FAE04EC0-301F-11D3-BF4B-00C04F79EFBC}") = "HardwareProviders.Board", "HardwareProviders.Board\HardwareProviders.Board.csproj", "{E9106F5C-2B00-445B-A6B9-D74691B7483A}"
EndProject
Project("{FAE04EC0-301F-11D3-BF4B-00C04F79EFBC}") = "HardwareProviders.CPU", "HardwareProviders.CPU\HardwareProviders.CPU.csproj", "{7DE56519-4FC8-4A72-A143-098ACC4DE53C}"
EndProject
Project("{FAE04EC0-301F-11D3-BF4B-00C04F79EFBC}") = "HardwareProviders.HDD", "HardwareProviders.HDD\HardwareProviders.HDD.csproj", "{9520805F-5F7A-492E-8B39-DF540CD33F86}"
EndProject
Global
	GlobalSection(SolutionConfigurationPlatforms) = preSolution
		Debug|Any CPU = Debug|Any CPU
		Release|Any CPU = Release|Any CPU
	EndGlobalSection
	GlobalSection(ProjectConfigurationPlatforms) = postSolution
		{6CF39D75-A7D7-4546-B29A-888294DC3E38}.Debug|Any CPU.ActiveCfg = Debug|Any CPU
		{6CF39D75-A7D7-4546-B29A-888294DC3E38}.Debug|Any CPU.Build.0 = Debug|Any CPU
		{6CF39D75-A7D7-4546-B29A-888294DC3E38}.Release|Any CPU.ActiveCfg = Release|Any CPU
		{6CF39D75-A7D7-4546-B29A-888294DC3E38}.Release|Any CPU.Build.0 = Release|Any CPU
		{E9106F5C-2B00-445B-A6B9-D74691B7483A}.Debug|Any CPU.ActiveCfg = Debug|Any CPU
		{E9106F5C-2B00-445B-A6B9-D74691B7483A}.Debug|Any CPU.Build.0 = Debug|Any CPU
		{E9106F5C-2B00-445B-A6B9-D74691B7483A}.Release|Any CPU.ActiveCfg = Release|Any CPU
		{E9106F5C-2B00-445B-A6B9-D74691B7483A}.Release|Any CPU.Build.0 = Release|Any CPU
		{7DE56519-4FC8-4A72-A143-098ACC4DE53C}.Debug|Any CPU.ActiveCfg = Debug|Any CPU
		{7DE56519-4FC8-4A72-A143-098ACC4DE53C}.Debug|Any CPU.Build.0 = Debug|Any CPU
		{7DE56519-4FC8-4A72-A143-098ACC4DE53C}.Release|Any CPU.ActiveCfg = Release|Any CPU
		{7DE56519-4FC8-4A72-A143-098ACC4DE53C}.Release|Any CPU.Build.0 = Release|Any CPU
		{9520805F-5F7A-492E-8B39-DF540CD33F86}.Debug|Any CPU.ActiveCfg = Debug|Any CPU
		{9520805F-5F7A-492E-8B39-DF540CD33F86}.Debug|Any CPU.Build.0 = Debug|Any CPU
		{9520805F-5F7A-492E-8B39-DF540CD33F86}.Release|Any CPU.ActiveCfg = Release|Any CPU
		{9520805F-5F7A-492E-8B39-DF540CD33F86}.Release|Any CPU.Build.0 = Release|Any CPU
	EndGlobalSection
	GlobalSection(SolutionProperties) = preSolution
		HideSolutionNode = FALSE
	EndGlobalSection
	GlobalSection(ExtensibilityGlobals) = postSolution
		SolutionGuid = {38A51918-35AB-47B3-AC5C-EDE6ACC86F07}
	EndGlobalSection
EndGlobal
